
Microsoft Visual Studio Solution File, Format Version 12.00
# Visual Studio Version 16
VisualStudioVersion = 16.0.30503.244
MinimumVisualStudioVersion = 10.0.40219.1
Project("{9A19103F-16F7-4668-BE54-9A1E7A4F7556}") = "Lab5", "Lab5\Lab5.csproj", "{51723DC7-CCAF-4E83-A077-6D29451A4FE1}"
EndProject
Global
	GlobalSection(SolutionConfigurationPlatforms) = preSolution
		Debug|Any CPU = Debug|Any CPU
		Release|Any CPU = Release|Any CPU
	EndGlobalSection
	GlobalSection(ProjectConfigurationPlatforms) = postSolution
		{51723DC7-CCAF-4E83-A077-6D29451A4FE1}.Debug|Any CPU.ActiveCfg = Debug|Any CPU
		{51723DC7-CCAF-4E83-A077-6D29451A4FE1}.Debug|Any CPU.Build.0 = Debug|Any CPU
		{51723DC7-CCAF-4E83-A077-6D29451A4FE1}.Release|Any CPU.ActiveCfg = Release|Any CPU
		{51723DC7-CCAF-4E83-A077-6D29451A4FE1}.Release|Any CPU.Build.0 = Release|Any CPU
	EndGlobalSection
	GlobalSection(SolutionProperties) = preSolution
		HideSolutionNode = FALSE
	EndGlobalSection
	GlobalSection(ExtensibilityGlobals) = postSolution
		SolutionGuid = {8542433E-FE85-4003-992F-15BF2ED4B825}
	EndGlobalSection
EndGlobal
